
Microsoft Visual Studio Solution File, Format Version 12.00
Project("{FAE04EC0-301F-11D3-BF4B-00C04F79EFBC}") = "homework", "homework.csproj", "{CEEFF34C-6BFC-44DF-8625-380A1FBCB9EB}"
EndProject
Global
	GlobalSection(SolutionConfigurationPlatforms) = preSolution
		Debug|Any CPU = Debug|Any CPU
		Release|Any CPU = Release|Any CPU
	EndGlobalSection
	GlobalSection(ProjectConfigurationPlatforms) = postSolution
		{CEEFF34C-6BFC-44DF-8625-380A1FBCB9EB}.Debug|Any CPU.ActiveCfg = Debug|Any CPU
		{CEEFF34C-6BFC-44DF-8625-380A1FBCB9EB}.Debug|Any CPU.Build.0 = Debug|Any CPU
		{CEEFF34C-6BFC-44DF-8625-380A1FBCB9EB}.Release|Any CPU.ActiveCfg = Release|Any CPU
		{CEEFF34C-6BFC-44DF-8625-380A1FBCB9EB}.Release|Any CPU.Build.0 = Release|Any CPU
	EndGlobalSection
EndGlobal
